// !$*UTF8*$!
{
	archiveVersion = 1;
	classes = {
	};
	objectVersion = 46;
	objects = {

/* Begin PBXBuildFile section */
		ABB0B64F1CEA05AE00BC2E76 /* main.m in Sources */ = {isa = PBXBuildFile; fileRef = ABB0B64E1CEA05AE00BC2E76 /* main.m */; };
		ABB0B6591CEA05CC00BC2E76 /* ABBoxer.m in Sources */ = {isa = PBXBuildFile; fileRef = ABB0B6561CEA05CC00BC2E76 /* ABBoxer.m */; };
		ABB0B65A1CEA05CC00BC2E76 /* ABObject.m in Sources */ = {isa = PBXBuildFile; fileRef = ABB0B6581CEA05CC00BC2E76 /* ABObject.m */; };
		ABB0B65D1CEA05EF00BC2E76 /* MainClass.m in Sources */ = {isa = PBXBuildFile; fileRef = ABB0B65C1CEA05EF00BC2E76 /* MainClass.m */; };
/* End PBXBuildFile section */

/* Begin PBXCopyFilesBuildPhase section */
		ABB0B6491CEA05AE00BC2E76 /* CopyFiles */ = {
			isa = PBXCopyFilesBuildPhase;
			buildActionMask = 2147483647;
			dstPath = /usr/share/man/man1/;
			dstSubfolderSpec = 0;
			files = (
			);
			runOnlyForDeploymentPostprocessing = 1;
		};
/* End PBXCopyFilesBuildPhase section */

/* Begin PBXFileReference section */
		ABB0B64B1CEA05AE00BC2E76 /* Properties */ = {isa = PBXFileReference; explicitFileType = "compiled.mach-o.executable"; includeInIndex = 0; path = Properties; sourceTree = BUILT_PRODUCTS_DIR; };
		ABB0B64E1CEA05AE00BC2E76 /* main.m */ = {isa = PBXFileReference; lastKnownFileType = sourcecode.c.objc; path = main.m; sourceTree = "<group>"; };
		ABB0B6551CEA05CC00BC2E76 /* ABBoxer.h */ = {isa = PBXFileReference; fileEncoding = 4; lastKnownFileType = sourcecode.c.h; path = ABBoxer.h; sourceTree = "<group>"; };
		ABB0B6561CEA05CC00BC2E76 /* ABBoxer.m */ = {isa = PBXFileReference; fileEncoding = 4; lastKnownFileType = sourcecode.c.objc; path = ABBoxer.m; sourceTree = "<group>"; };
		ABB0B6571CEA05CC00BC2E76 /* ABObject.h */ = {isa = PBXFileReference; fileEncoding = 4; lastKnownFileType = sourcecode.c.h; path = ABObject.h; sourceTree = "<group>"; };
		ABB0B6581CEA05CC00BC2E76 /* ABObject.m */ = {isa = PBXFileReference; fileEncoding = 4; lastKnownFileType = sourcecode.c.objc; path = ABObject.m; sourceTree = "<group>"; };
		ABB0B65B1CEA05EF00BC2E76 /* MainClass.h */ = {isa = PBXFileReference; fileEncoding = 4; lastKnownFileType = sourcecode.c.h; path = MainClass.h; sourceTree = "<group>"; };
		ABB0B65C1CEA05EF00BC2E76 /* MainClass.m */ = {isa = PBXFileReference; fileEncoding = 4; lastKnownFileType = sourcecode.c.objc; path = MainClass.m; sourceTree = "<group>"; };
/* End PBXFileReference section */

/* Begin PBXFrameworksBuildPhase section */
		ABB0B6481CEA05AE00BC2E76 /* Frameworks */ = {
			isa = PBXFrameworksBuildPhase;
			buildActionMask = 2147483647;
			files = (
			);
			runOnlyForDeploymentPostprocessing = 0;
		};
/* End PBXFrameworksBuildPhase section */

/* Begin PBXGroup section */
		ABB0B6421CEA05AE00BC2E76 = {
			isa = PBXGroup;
			children = (
				ABB0B64D1CEA05AE00BC2E76 /* Properties */,
				ABB0B64C1CEA05AE00BC2E76 /* Products */,
			);
			sourceTree = "<group>";
		};
		ABB0B64C1CEA05AE00BC2E76 /* Products */ = {
			isa = PBXGroup;
			children = (
				ABB0B64B1CEA05AE00BC2E76 /* Properties */,
			);
			name = Products;
			sourceTree = "<group>";
		};
		ABB0B64D1CEA05AE00BC2E76 /* Properties */ = {
			isa = PBXGroup;
			children = (
				ABB0B64E1CEA05AE00BC2E76 /* main.m */,
				ABB0B65B1CEA05EF00BC2E76 /* MainClass.h */,
				ABB0B65C1CEA05EF00BC2E76 /* MainClass.m */,
				ABB0B6551CEA05CC00BC2E76 /* ABBoxer.h */,
				ABB0B6561CEA05CC00BC2E76 /* ABBoxer.m */,
				ABB0B6571CEA05CC00BC2E76 /* ABObject.h */,
				ABB0B6581CEA05CC00BC2E76 /* ABObject.m */,
			);
			path = Properties;
			sourceTree = "<group>";
		};
/* End PBXGroup section */

/* Begin PBXNativeTarget section */
		ABB0B64A1CEA05AE00BC2E76 /* Properties */ = {
			isa = PBXNativeTarget;
			buildConfigurationList = ABB0B6521CEA05AE00BC2E76 /* Build configuration list for PBXNativeTarget "Properties" */;
			buildPhases = (
				ABB0B6471CEA05AE00BC2E76 /* Sources */,
				ABB0B6481CEA05AE00BC2E76 /* Frameworks */,
				ABB0B6491CEA05AE00BC2E76 /* CopyFiles */,
			);
			buildRules = (
			);
			dependencies = (
			);
			name = Properties;
			productName = Properties;
			productReference = ABB0B64B1CEA05AE00BC2E76 /* Properties */;
			productType = "com.apple.product-type.tool";
		};
/* End PBXNativeTarget section */

/* Begin PBXProject section */
		ABB0B6431CEA05AE00BC2E76 /* Project object */ = {
			isa = PBXProject;
			attributes = {
				LastUpgradeCheck = 0720;
				ORGANIZATIONNAME = "Alexander Blokhin";
				TargetAttributes = {
					ABB0B64A1CEA05AE00BC2E76 = {
						CreatedOnToolsVersion = 7.2.1;
					};
				};
			};
			buildConfigurationList = ABB0B6461CEA05AE00BC2E76 /* Build configuration list for PBXProject "Properties" */;
			compatibilityVersion = "Xcode 3.2";
			developmentRegion = English;
			hasScannedForEncodings = 0;
			knownRegions = (
				en,
			);
			mainGroup = ABB0B6421CEA05AE00BC2E76;
			productRefGroup = ABB0B64C1CEA05AE00BC2E76 /* Products */;
			projectDirPath = "";
			projectRoot = "";
			targets = (
				ABB0B64A1CEA05AE00BC2E76 /* Properties */,
			);
		};
/* End PBXProject section */

/* Begin PBXSourcesBuildPhase section */
		ABB0B6471CEA05AE00BC2E76 /* Sources */ = {
			isa = PBXSourcesBuildPhase;
			buildActionMask = 2147483647;
			files = (
				ABB0B64F1CEA05AE00BC2E76 /* main.m in Sources */,
				ABB0B6591CEA05CC00BC2E76 /* ABBoxer.m in Sources */,
				ABB0B65D1CEA05EF00BC2E76 /* MainClass.m in Sources */,
				ABB0B65A1CEA05CC00BC2E76 /* ABObject.m in Sources */,
			);
			runOnlyForDeploymentPostprocessing = 0;
		};
/* End PBXSourcesBuildPhase section */

/* Begin XCBuildConfiguration section */
		ABB0B6501CEA05AE00BC2E76 /* Debug */ = {
			isa = XCBuildConfiguration;
			buildSettings = {
				ALWAYS_SEARCH_USER_PATHS = NO;
				CLANG_CXX_LANGUAGE_STANDARD = "gnu++0x";
				CLANG_CXX_LIBRARY = "libc++";
				CLANG_ENABLE_MODULES = YES;
				CLANG_ENABLE_OBJC_ARC = YES;
				CLANG_WARN_BOOL_CONVERSION = YES;
				CLANG_WARN_CONSTANT_CONVERSION = YES;
				CLANG_WARN_DIRECT_OBJC_ISA_USAGE = YES_ERROR;
				CLANG_WARN_EMPTY_BODY = YES;
				CLANG_WARN_ENUM_CONVERSION = YES;
				CLANG_WARN_INT_CONVERSION = YES;
				CLANG_WARN_OBJC_ROOT_CLASS = YES_ERROR;
				CLANG_WARN_UNREACHABLE_CODE = YES;
				CLANG_WARN__DUPLICATE_METHOD_MATCH = YES;
				CODE_SIGN_IDENTITY = "-";
				COPY_PHASE_STRIP = NO;
				DEBUG_INFORMATION_FORMAT = dwarf;
				ENABLE_STRICT_OBJC_MSGSEND = YES;
				ENABLE_TESTABILITY = YES;
				GCC_C_LANGUAGE_STANDARD = gnu99;
				GCC_DYNAMIC_NO_PIC = NO;
				GCC_NO_COMMON_BLOCKS = YES;
				GCC_OPTIMIZATION_LEVEL = 0;
				GCC_PREPROCESSOR_DEFINITIONS = (
					"DEBUG=1",
					"$(inherited)",
				);
				GCC_WARN_64_TO_32_BIT_CONVERSION = YES;
				GCC_WARN_ABOUT_RETURN_TYPE = YES_ERROR;
				GCC_WARN_UNDECLARED_SELECTOR = YES;
				GCC_WARN_UNINITIALIZED_AUTOS = YES_AGGRESSIVE;
				GCC_WARN_UNUSED_FUNCTION = YES;
				GCC_WARN_UNUSED_VARIABLE = YES;
				MACOSX_DEPLOYMENT_TARGET = 10.11;
				MTL_ENABLE_DEBUG_INFO = YES;
				ONLY_ACTIVE_ARCH = YES;
				SDKROOT = macosx;
			};
			name = Debug;
		};
		ABB0B6511CEA05AE00BC2E76 /* Release */ = {
			isa = XCBuildConfiguration;
			buildSettings = {
				ALWAYS_SEARCH_USER_PATHS = NO;
				CLANG_CXX_LANGUAGE_STANDARD = "gnu++0x";
				CLANG_CXX_LIBRARY = "libc++";
				CLANG_ENABLE_MODULES = YES;
				CLANG_ENABLE_OBJC_ARC = YES;
				CLANG_WARN_BOOL_CONVERSION = YES;
				CLANG_WARN_CONSTANT_CONVERSION = YES;
				CLANG_WARN_DIRECT_OBJC_ISA_USAGE = YES_ERROR;
				CLANG_WARN_EMPTY_BODY = YES;
				CLANG_WARN_ENUM_CONVERSION = YES;
				CLANG_WARN_INT_CONVERSION = YES;
				CLANG_WARN_OBJC_ROOT_CLASS = YES_ERROR;
				CLANG_WARN_UNREACHABLE_CODE = YES;
				CLANG_WARN__DUPLICATE_METHOD_MATCH = YES;
				CODE_SIGN_IDENTITY = "-";
				COPY_PHASE_STRIP = NO;
				DEBUG_INFORMATION_FORMAT = "dwarf-with-dsym";
				ENABLE_NS_ASSERTIONS = NO;
				ENABLE_STRICT_OBJC_MSGSEND = YES;
				GCC_C_LANGUAGE_STANDARD = gnu99;
				GCC_NO_COMMON_BLOCKS = YES;
				GCC_WARN_64_TO_32_BIT_CONVERSION = YES;
				GCC_WARN_ABOUT_RETURN_TYPE = YES_ERROR;
				GCC_WARN_UNDECLARED_SELECTOR = YES;
				GCC_WARN_UNINITIALIZED_AUTOS = YES_AGGRESSIVE;
				GCC_WARN_UNUSED_FUNCTION = YES;
				GCC_WARN_UNUSED_VARIABLE = YES;
				MACOSX_DEPLOYMENT_TARGET = 10.11;
				MTL_ENABLE_DEBUG_INFO = NO;
				SDKROOT = macosx;
			};
			name = Release;
		};
		ABB0B6531CEA05AE00BC2E76 /* Debug */ = {
			isa = XCBuildConfiguration;
			buildSettings = {
				PRODUCT_NAME = "$(TARGET_NAME)";
			};
			name = Debug;
		};
		ABB0B6541CEA05AE00BC2E76 /* Release */ = {
			isa = XCBuildConfiguration;
			buildSettings = {
				PRODUCT_NAME = "$(TARGET_NAME)";
			};
			name = Release;
		};
/* End XCBuildConfiguration section */

/* Begin XCConfigurationList section */
		ABB0B6461CEA05AE00BC2E76 /* Build configuration list for PBXProject "Properties" */ = {
			isa = XCConfigurationList;
			buildConfigurations = (
				ABB0B6501CEA05AE00BC2E76 /* Debug */,
				ABB0B6511CEA05AE00BC2E76 /* Release */,
			);
			defaultConfigurationIsVisible = 0;
			defaultConfigurationName = Release;
		};
		ABB0B6521CEA05AE00BC2E76 /* Build configuration list for PBXNativeTarget "Properties" */ = {
			isa = XCConfigurationList;
			buildConfigurations = (
				ABB0B6531CEA05AE00BC2E76 /* Debug */,
				ABB0B6541CEA05AE00BC2E76 /* Release */,
			);
			defaultConfigurationIsVisible = 0;
		};
/* End XCConfigurationList section */
	};
	rootObject = ABB0B6431CEA05AE00BC2E76 /* Project object */;
}
