// !$*UTF8*$!
{
	archiveVersion = 1;
	classes = {
	};
	objectVersion = 46;
	objects = {

/* Begin PBXBuildFile section */
		ABB0B5A91CE5E5C800BC2E76 /* main.m in Sources */ = {isa = PBXBuildFile; fileRef = ABB0B5A81CE5E5C800BC2E76 /* main.m */; };
		ABB0B5AC1CE5E5C800BC2E76 /* AppDelegate.m in Sources */ = {isa = PBXBuildFile; fileRef = ABB0B5AB1CE5E5C800BC2E76 /* AppDelegate.m */; };
		ABB0B5AF1CE5E5C800BC2E76 /* ViewController.m in Sources */ = {isa = PBXBuildFile; fileRef = ABB0B5AE1CE5E5C800BC2E76 /* ViewController.m */; };
		ABB0B5B21CE5E5C800BC2E76 /* Main.storyboard in Resources */ = {isa = PBXBuildFile; fileRef = ABB0B5B01CE5E5C800BC2E76 /* Main.storyboard */; };
		ABB0B5B41CE5E5C800BC2E76 /* Assets.xcassets in Resources */ = {isa = PBXBuildFile; fileRef = ABB0B5B31CE5E5C800BC2E76 /* Assets.xcassets */; };
		ABB0B5B71CE5E5C800BC2E76 /* LaunchScreen.storyboard in Resources */ = {isa = PBXBuildFile; fileRef = ABB0B5B51CE5E5C800BC2E76 /* LaunchScreen.storyboard */; };
		ABB0B5C01CE5E7F500BC2E76 /* ABStudent.m in Sources */ = {isa = PBXBuildFile; fileRef = ABB0B5BF1CE5E7F500BC2E76 /* ABStudent.m */; };
		ABB0B5C31CE5E84D00BC2E76 /* ABDancer.m in Sources */ = {isa = PBXBuildFile; fileRef = ABB0B5C21CE5E84D00BC2E76 /* ABDancer.m */; };
		ABB0B5C61CE5E8A700BC2E76 /* ABDeveloper.m in Sources */ = {isa = PBXBuildFile; fileRef = ABB0B5C51CE5E8A700BC2E76 /* ABDeveloper.m */; };
/* End PBXBuildFile section */

/* Begin PBXFileReference section */
		ABB0B5A41CE5E5C800BC2E76 /* Protocols.app */ = {isa = PBXFileReference; explicitFileType = wrapper.application; includeInIndex = 0; path = Protocols.app; sourceTree = BUILT_PRODUCTS_DIR; };
		ABB0B5A81CE5E5C800BC2E76 /* main.m */ = {isa = PBXFileReference; lastKnownFileType = sourcecode.c.objc; path = main.m; sourceTree = "<group>"; };
		ABB0B5AA1CE5E5C800BC2E76 /* AppDelegate.h */ = {isa = PBXFileReference; lastKnownFileType = sourcecode.c.h; path = AppDelegate.h; sourceTree = "<group>"; };
		ABB0B5AB1CE5E5C800BC2E76 /* AppDelegate.m */ = {isa = PBXFileReference; lastKnownFileType = sourcecode.c.objc; path = AppDelegate.m; sourceTree = "<group>"; };
		ABB0B5AD1CE5E5C800BC2E76 /* ViewController.h */ = {isa = PBXFileReference; lastKnownFileType = sourcecode.c.h; path = ViewController.h; sourceTree = "<group>"; };
		ABB0B5AE1CE5E5C800BC2E76 /* ViewController.m */ = {isa = PBXFileReference; lastKnownFileType = sourcecode.c.objc; path = ViewController.m; sourceTree = "<group>"; };
		ABB0B5B11CE5E5C800BC2E76 /* Base */ = {isa = PBXFileReference; lastKnownFileType = file.storyboard; name = Base; path = Base.lproj/Main.storyboard; sourceTree = "<group>"; };
		ABB0B5B31CE5E5C800BC2E76 /* Assets.xcassets */ = {isa = PBXFileReference; lastKnownFileType = folder.assetcatalog; path = Assets.xcassets; sourceTree = "<group>"; };
		ABB0B5B61CE5E5C800BC2E76 /* Base */ = {isa = PBXFileReference; lastKnownFileType = file.storyboard; name = Base; path = Base.lproj/LaunchScreen.storyboard; sourceTree = "<group>"; };
		ABB0B5B81CE5E5C800BC2E76 /* Info.plist */ = {isa = PBXFileReference; lastKnownFileType = text.plist.xml; path = Info.plist; sourceTree = "<group>"; };
		ABB0B5BE1CE5E7F500BC2E76 /* ABStudent.h */ = {isa = PBXFileReference; fileEncoding = 4; lastKnownFileType = sourcecode.c.h; path = ABStudent.h; sourceTree = "<group>"; };
		ABB0B5BF1CE5E7F500BC2E76 /* ABStudent.m */ = {isa = PBXFileReference; fileEncoding = 4; lastKnownFileType = sourcecode.c.objc; path = ABStudent.m; sourceTree = "<group>"; };
		ABB0B5C11CE5E84D00BC2E76 /* ABDancer.h */ = {isa = PBXFileReference; fileEncoding = 4; lastKnownFileType = sourcecode.c.h; path = ABDancer.h; sourceTree = "<group>"; };
		ABB0B5C21CE5E84D00BC2E76 /* ABDancer.m */ = {isa = PBXFileReference; fileEncoding = 4; lastKnownFileType = sourcecode.c.objc; path = ABDancer.m; sourceTree = "<group>"; };
		ABB0B5C41CE5E8A700BC2E76 /* ABDeveloper.h */ = {isa = PBXFileReference; fileEncoding = 4; lastKnownFileType = sourcecode.c.h; path = ABDeveloper.h; sourceTree = "<group>"; };
		ABB0B5C51CE5E8A700BC2E76 /* ABDeveloper.m */ = {isa = PBXFileReference; fileEncoding = 4; lastKnownFileType = sourcecode.c.objc; path = ABDeveloper.m; sourceTree = "<group>"; };
		ABB0B5C71CE5EF4100BC2E76 /* ABPatient.h */ = {isa = PBXFileReference; lastKnownFileType = sourcecode.c.h; path = ABPatient.h; sourceTree = "<group>"; };
/* End PBXFileReference section */

/* Begin PBXFrameworksBuildPhase section */
		ABB0B5A11CE5E5C800BC2E76 /* Frameworks */ = {
			isa = PBXFrameworksBuildPhase;
			buildActionMask = 2147483647;
			files = (
			);
			runOnlyForDeploymentPostprocessing = 0;
		};
/* End PBXFrameworksBuildPhase section */

/* Begin PBXGroup section */
		ABB0B59B1CE5E5C800BC2E76 = {
			isa = PBXGroup;
			children = (
				ABB0B5A61CE5E5C800BC2E76 /* Protocols */,
				ABB0B5A51CE5E5C800BC2E76 /* Products */,
			);
			sourceTree = "<group>";
		};
		ABB0B5A51CE5E5C800BC2E76 /* Products */ = {
			isa = PBXGroup;
			children = (
				ABB0B5A41CE5E5C800BC2E76 /* Protocols.app */,
			);
			name = Products;
			sourceTree = "<group>";
		};
		ABB0B5A61CE5E5C800BC2E76 /* Protocols */ = {
			isa = PBXGroup;
			children = (
				ABB0B5AA1CE5E5C800BC2E76 /* AppDelegate.h */,
				ABB0B5AB1CE5E5C800BC2E76 /* AppDelegate.m */,
				ABB0B5AD1CE5E5C800BC2E76 /* ViewController.h */,
				ABB0B5AE1CE5E5C800BC2E76 /* ViewController.m */,
				ABB0B5C71CE5EF4100BC2E76 /* ABPatient.h */,
				ABB0B5BE1CE5E7F500BC2E76 /* ABStudent.h */,
				ABB0B5BF1CE5E7F500BC2E76 /* ABStudent.m */,
				ABB0B5C11CE5E84D00BC2E76 /* ABDancer.h */,
				ABB0B5C21CE5E84D00BC2E76 /* ABDancer.m */,
				ABB0B5C41CE5E8A700BC2E76 /* ABDeveloper.h */,
				ABB0B5C51CE5E8A700BC2E76 /* ABDeveloper.m */,
				ABB0B5B01CE5E5C800BC2E76 /* Main.storyboard */,
				ABB0B5B31CE5E5C800BC2E76 /* Assets.xcassets */,
				ABB0B5B51CE5E5C800BC2E76 /* LaunchScreen.storyboard */,
				ABB0B5B81CE5E5C800BC2E76 /* Info.plist */,
				ABB0B5A71CE5E5C800BC2E76 /* Supporting Files */,
			);
			path = Protocols;
			sourceTree = "<group>";
		};
		ABB0B5A71CE5E5C800BC2E76 /* Supporting Files */ = {
			isa = PBXGroup;
			children = (
				ABB0B5A81CE5E5C800BC2E76 /* main.m */,
			);
			name = "Supporting Files";
			sourceTree = "<group>";
		};
/* End PBXGroup section */

/* Begin PBXNativeTarget section */
		ABB0B5A31CE5E5C800BC2E76 /* Protocols */ = {
			isa = PBXNativeTarget;
			buildConfigurationList = ABB0B5BB1CE5E5C800BC2E76 /* Build configuration list for PBXNativeTarget "Protocols" */;
			buildPhases = (
				ABB0B5A01CE5E5C800BC2E76 /* Sources */,
				ABB0B5A11CE5E5C800BC2E76 /* Frameworks */,
				ABB0B5A21CE5E5C800BC2E76 /* Resources */,
			);
			buildRules = (
			);
			dependencies = (
			);
			name = Protocols;
			productName = Protocols;
			productReference = ABB0B5A41CE5E5C800BC2E76 /* Protocols.app */;
			productType = "com.apple.product-type.application";
		};
/* End PBXNativeTarget section */

/* Begin PBXProject section */
		ABB0B59C1CE5E5C800BC2E76 /* Project object */ = {
			isa = PBXProject;
			attributes = {
				LastUpgradeCheck = 0720;
				ORGANIZATIONNAME = "Alexander Blokhin";
				TargetAttributes = {
					ABB0B5A31CE5E5C800BC2E76 = {
						CreatedOnToolsVersion = 7.2.1;
					};
				};
			};
			buildConfigurationList = ABB0B59F1CE5E5C800BC2E76 /* Build configuration list for PBXProject "Protocols" */;
			compatibilityVersion = "Xcode 3.2";
			developmentRegion = English;
			hasScannedForEncodings = 0;
			knownRegions = (
				en,
				Base,
			);
			mainGroup = ABB0B59B1CE5E5C800BC2E76;
			productRefGroup = ABB0B5A51CE5E5C800BC2E76 /* Products */;
			projectDirPath = "";
			projectRoot = "";
			targets = (
				ABB0B5A31CE5E5C800BC2E76 /* Protocols */,
			);
		};
/* End PBXProject section */

/* Begin PBXResourcesBuildPhase section */
		ABB0B5A21CE5E5C800BC2E76 /* Resources */ = {
			isa = PBXResourcesBuildPhase;
			buildActionMask = 2147483647;
			files = (
				ABB0B5B71CE5E5C800BC2E76 /* LaunchScreen.storyboard in Resources */,
				ABB0B5B41CE5E5C800BC2E76 /* Assets.xcassets in Resources */,
				ABB0B5B21CE5E5C800BC2E76 /* Main.storyboard in Resources */,
			);
			runOnlyForDeploymentPostprocessing = 0;
		};
/* End PBXResourcesBuildPhase section */

/* Begin PBXSourcesBuildPhase section */
		ABB0B5A01CE5E5C800BC2E76 /* Sources */ = {
			isa = PBXSourcesBuildPhase;
			buildActionMask = 2147483647;
			files = (
				ABB0B5C01CE5E7F500BC2E76 /* ABStudent.m in Sources */,
				ABB0B5AF1CE5E5C800BC2E76 /* ViewController.m in Sources */,
				ABB0B5C31CE5E84D00BC2E76 /* ABDancer.m in Sources */,
				ABB0B5C61CE5E8A700BC2E76 /* ABDeveloper.m in Sources */,
				ABB0B5AC1CE5E5C800BC2E76 /* AppDelegate.m in Sources */,
				ABB0B5A91CE5E5C800BC2E76 /* main.m in Sources */,
			);
			runOnlyForDeploymentPostprocessing = 0;
		};
/* End PBXSourcesBuildPhase section */

/* Begin PBXVariantGroup section */
		ABB0B5B01CE5E5C800BC2E76 /* Main.storyboard */ = {
			isa = PBXVariantGroup;
			children = (
				ABB0B5B11CE5E5C800BC2E76 /* Base */,
			);
			name = Main.storyboard;
			sourceTree = "<group>";
		};
		ABB0B5B51CE5E5C800BC2E76 /* LaunchScreen.storyboard */ = {
			isa = PBXVariantGroup;
			children = (
				ABB0B5B61CE5E5C800BC2E76 /* Base */,
			);
			name = LaunchScreen.storyboard;
			sourceTree = "<group>";
		};
/* End PBXVariantGroup section */

/* Begin XCBuildConfiguration section */
		ABB0B5B91CE5E5C800BC2E76 /* Debug */ = {
			isa = XCBuildConfiguration;
			buildSettings = {
				ALWAYS_SEARCH_USER_PATHS = NO;
				CLANG_CXX_LANGUAGE_STANDARD = "gnu++0x";
				CLANG_CXX_LIBRARY = "libc++";
				CLANG_ENABLE_MODULES = YES;
				CLANG_ENABLE_OBJC_ARC = YES;
				CLANG_WARN_BOOL_CONVERSION = YES;
				CLANG_WARN_CONSTANT_CONVERSION = YES;
				CLANG_WARN_DIRECT_OBJC_ISA_USAGE = YES_ERROR;
				CLANG_WARN_EMPTY_BODY = YES;
				CLANG_WARN_ENUM_CONVERSION = YES;
				CLANG_WARN_INT_CONVERSION = YES;
				CLANG_WARN_OBJC_ROOT_CLASS = YES_ERROR;
				CLANG_WARN_UNREACHABLE_CODE = YES;
				CLANG_WARN__DUPLICATE_METHOD_MATCH = YES;
				"CODE_SIGN_IDENTITY[sdk=iphoneos*]" = "iPhone Developer";
				COPY_PHASE_STRIP = NO;
				DEBUG_INFORMATION_FORMAT = dwarf;
				ENABLE_STRICT_OBJC_MSGSEND = YES;
				ENABLE_TESTABILITY = YES;
				GCC_C_LANGUAGE_STANDARD = gnu99;
				GCC_DYNAMIC_NO_PIC = NO;
				GCC_NO_COMMON_BLOCKS = YES;
				GCC_OPTIMIZATION_LEVEL = 0;
				GCC_PREPROCESSOR_DEFINITIONS = (
					"DEBUG=1",
					"$(inherited)",
				);
				GCC_WARN_64_TO_32_BIT_CONVERSION = YES;
				GCC_WARN_ABOUT_RETURN_TYPE = YES_ERROR;
				GCC_WARN_UNDECLARED_SELECTOR = YES;
				GCC_WARN_UNINITIALIZED_AUTOS = YES_AGGRESSIVE;
				GCC_WARN_UNUSED_FUNCTION = YES;
				GCC_WARN_UNUSED_VARIABLE = YES;
				IPHONEOS_DEPLOYMENT_TARGET = 9.2;
				MTL_ENABLE_DEBUG_INFO = YES;
				ONLY_ACTIVE_ARCH = YES;
				SDKROOT = iphoneos;
			};
			name = Debug;
		};
		ABB0B5BA1CE5E5C800BC2E76 /* Release */ = {
			isa = XCBuildConfiguration;
			buildSettings = {
				ALWAYS_SEARCH_USER_PATHS = NO;
				CLANG_CXX_LANGUAGE_STANDARD = "gnu++0x";
				CLANG_CXX_LIBRARY = "libc++";
				CLANG_ENABLE_MODULES = YES;
				CLANG_ENABLE_OBJC_ARC = YES;
				CLANG_WARN_BOOL_CONVERSION = YES;
				CLANG_WARN_CONSTANT_CONVERSION = YES;
				CLANG_WARN_DIRECT_OBJC_ISA_USAGE = YES_ERROR;
				CLANG_WARN_EMPTY_BODY = YES;
				CLANG_WARN_ENUM_CONVERSION = YES;
				CLANG_WARN_INT_CONVERSION = YES;
				CLANG_WARN_OBJC_ROOT_CLASS = YES_ERROR;
				CLANG_WARN_UNREACHABLE_CODE = YES;
				CLANG_WARN__DUPLICATE_METHOD_MATCH = YES;
				"CODE_SIGN_IDENTITY[sdk=iphoneos*]" = "iPhone Developer";
				COPY_PHASE_STRIP = NO;
				DEBUG_INFORMATION_FORMAT = "dwarf-with-dsym";
				ENABLE_NS_ASSERTIONS = NO;
				ENABLE_STRICT_OBJC_MSGSEND = YES;
				GCC_C_LANGUAGE_STANDARD = gnu99;
				GCC_NO_COMMON_BLOCKS = YES;
				GCC_WARN_64_TO_32_BIT_CONVERSION = YES;
				GCC_WARN_ABOUT_RETURN_TYPE = YES_ERROR;
				GCC_WARN_UNDECLARED_SELECTOR = YES;
				GCC_WARN_UNINITIALIZED_AUTOS = YES_AGGRESSIVE;
				GCC_WARN_UNUSED_FUNCTION = YES;
				GCC_WARN_UNUSED_VARIABLE = YES;
				IPHONEOS_DEPLOYMENT_TARGET = 9.2;
				MTL_ENABLE_DEBUG_INFO = NO;
				SDKROOT = iphoneos;
				VALIDATE_PRODUCT = YES;
			};
			name = Release;
		};
		ABB0B5BC1CE5E5C800BC2E76 /* Debug */ = {
			isa = XCBuildConfiguration;
			buildSettings = {
				ASSETCATALOG_COMPILER_APPICON_NAME = AppIcon;
				INFOPLIST_FILE = Protocols/Info.plist;
				LD_RUNPATH_SEARCH_PATHS = "$(inherited) @executable_path/Frameworks";
				PRODUCT_BUNDLE_IDENTIFIER = com.jampps.Protocols;
				PRODUCT_NAME = "$(TARGET_NAME)";
			};
			name = Debug;
		};
		ABB0B5BD1CE5E5C800BC2E76 /* Release */ = {
			isa = XCBuildConfiguration;
			buildSettings = {
				ASSETCATALOG_COMPILER_APPICON_NAME = AppIcon;
				INFOPLIST_FILE = Protocols/Info.plist;
				LD_RUNPATH_SEARCH_PATHS = "$(inherited) @executable_path/Frameworks";
				PRODUCT_BUNDLE_IDENTIFIER = com.jampps.Protocols;
				PRODUCT_NAME = "$(TARGET_NAME)";
			};
			name = Release;
		};
/* End XCBuildConfiguration section */

/* Begin XCConfigurationList section */
		ABB0B59F1CE5E5C800BC2E76 /* Build configuration list for PBXProject "Protocols" */ = {
			isa = XCConfigurationList;
			buildConfigurations = (
				ABB0B5B91CE5E5C800BC2E76 /* Debug */,
				ABB0B5BA1CE5E5C800BC2E76 /* Release */,
			);
			defaultConfigurationIsVisible = 0;
			defaultConfigurationName = Release;
		};
		ABB0B5BB1CE5E5C800BC2E76 /* Build configuration list for PBXNativeTarget "Protocols" */ = {
			isa = XCConfigurationList;
			buildConfigurations = (
				ABB0B5BC1CE5E5C800BC2E76 /* Debug */,
				ABB0B5BD1CE5E5C800BC2E76 /* Release */,
			);
			defaultConfigurationIsVisible = 0;
		};
/* End XCConfigurationList section */
	};
	rootObject = ABB0B59C1CE5E5C800BC2E76 /* Project object */;
}
